// !$*UTF8*$!
{
	archiveVersion = 1;
	classes = {
	};
	objectVersion = 55;
	objects = {

/* Begin PBXBuildFile section */
		A73EB28F28163B5A0031FCEC /* InputField.framework in Frameworks */ = {isa = PBXBuildFile; fileRef = A73EB28D28163B500031FCEC /* InputField.framework */; platformFilter = ios; };
		A73EB29028163B5A0031FCEC /* InputField.framework in Embed Frameworks */ = {isa = PBXBuildFile; fileRef = A73EB28D28163B500031FCEC /* InputField.framework */; platformFilter = ios; settings = {ATTRIBUTES = (CodeSignOnCopy, RemoveHeadersOnCopy, ); }; };
		A73EB29828163C540031FCEC /* GradientColor.framework in Frameworks */ = {isa = PBXBuildFile; fileRef = A73EB29628163C3B0031FCEC /* GradientColor.framework */; platformFilter = ios; };
		A73EB29928163C540031FCEC /* GradientColor.framework in Embed Frameworks */ = {isa = PBXBuildFile; fileRef = A73EB29628163C3B0031FCEC /* GradientColor.framework */; platformFilter = ios; settings = {ATTRIBUTES = (CodeSignOnCopy, RemoveHeadersOnCopy, ); }; };
		A73EB29A28163C560031FCEC /* RoundedButton.framework in Frameworks */ = {isa = PBXBuildFile; fileRef = A73EB29228163BB80031FCEC /* RoundedButton.framework */; platformFilter = ios; };
		A73EB29B28163C560031FCEC /* RoundedButton.framework in Embed Frameworks */ = {isa = PBXBuildFile; fileRef = A73EB29228163BB80031FCEC /* RoundedButton.framework */; platformFilter = ios; settings = {ATTRIBUTES = (CodeSignOnCopy, RemoveHeadersOnCopy, ); }; };
		A73EB29C28163C580031FCEC /* ValidatorFramework.framework in Frameworks */ = {isa = PBXBuildFile; fileRef = A73EB29428163BF50031FCEC /* ValidatorFramework.framework */; platformFilter = ios; };
		A73EB29D28163C580031FCEC /* ValidatorFramework.framework in Embed Frameworks */ = {isa = PBXBuildFile; fileRef = A73EB29428163BF50031FCEC /* ValidatorFramework.framework */; platformFilter = ios; settings = {ATTRIBUTES = (CodeSignOnCopy, RemoveHeadersOnCopy, ); }; };
		A73EB2B9281675140031FCEC /* RegisterViewController.swift in Sources */ = {isa = PBXBuildFile; fileRef = A73EB2B8281675140031FCEC /* RegisterViewController.swift */; };
		A73EB2D228167BE60031FCEC /* UnderLinedButton.framework in Frameworks */ = {isa = PBXBuildFile; fileRef = A73EB2D028167BDD0031FCEC /* UnderLinedButton.framework */; platformFilter = ios; };
		A73EB2D328167BE60031FCEC /* UnderLinedButton.framework in Embed Frameworks */ = {isa = PBXBuildFile; fileRef = A73EB2D028167BDD0031FCEC /* UnderLinedButton.framework */; platformFilter = ios; settings = {ATTRIBUTES = (CodeSignOnCopy, RemoveHeadersOnCopy, ); }; };
		A73EB2DA281682350031FCEC /* StringConstants.swift in Sources */ = {isa = PBXBuildFile; fileRef = A73EB2D9281682350031FCEC /* StringConstants.swift */; };
		A73EB2DD281683ED0031FCEC /* PopAlertView.framework in Frameworks */ = {isa = PBXBuildFile; fileRef = A73EB2DB281683E50031FCEC /* PopAlertView.framework */; platformFilter = ios; };
		A73EB2DE281683ED0031FCEC /* PopAlertView.framework in Embed Frameworks */ = {isa = PBXBuildFile; fileRef = A73EB2DB281683E50031FCEC /* PopAlertView.framework */; platformFilter = ios; settings = {ATTRIBUTES = (CodeSignOnCopy, RemoveHeadersOnCopy, ); }; };
		A7748BCD280E53CC0069ED73 /* AppDelegate.swift in Sources */ = {isa = PBXBuildFile; fileRef = A7748BCC280E53CC0069ED73 /* AppDelegate.swift */; };
		A7748BCF280E53CC0069ED73 /* SceneDelegate.swift in Sources */ = {isa = PBXBuildFile; fileRef = A7748BCE280E53CC0069ED73 /* SceneDelegate.swift */; };
		A7748BD1280E53CC0069ED73 /* ViewController.swift in Sources */ = {isa = PBXBuildFile; fileRef = A7748BD0280E53CC0069ED73 /* ViewController.swift */; };
		A7748BD4280E53CC0069ED73 /* Main.storyboard in Resources */ = {isa = PBXBuildFile; fileRef = A7748BD2280E53CC0069ED73 /* Main.storyboard */; };
		A7748BD6280E53CD0069ED73 /* Assets.xcassets in Resources */ = {isa = PBXBuildFile; fileRef = A7748BD5280E53CD0069ED73 /* Assets.xcassets */; };
		A7748BD9280E53CD0069ED73 /* LaunchScreen.storyboard in Resources */ = {isa = PBXBuildFile; fileRef = A7748BD7280E53CD0069ED73 /* LaunchScreen.storyboard */; };
		A7748C3D280EAB290069ED73 /* TwoLinedButton.swift in Sources */ = {isa = PBXBuildFile; fileRef = A7748C3C280EAB290069ED73 /* TwoLinedButton.swift */; };
		A7748C3F280EAB400069ED73 /* TwoLinedButtonViewModel.swift in Sources */ = {isa = PBXBuildFile; fileRef = A7748C3E280EAB400069ED73 /* TwoLinedButtonViewModel.swift */; };
/* End PBXBuildFile section */

/* Begin PBXCopyFilesBuildPhase section */
		A73EB29128163B5A0031FCEC /* Embed Frameworks */ = {
			isa = PBXCopyFilesBuildPhase;
			buildActionMask = 2147483647;
			dstPath = "";
			dstSubfolderSpec = 10;
			files = (
				A73EB29D28163C580031FCEC /* ValidatorFramework.framework in Embed Frameworks */,
				A73EB2D328167BE60031FCEC /* UnderLinedButton.framework in Embed Frameworks */,
				A73EB29928163C540031FCEC /* GradientColor.framework in Embed Frameworks */,
				A73EB29B28163C560031FCEC /* RoundedButton.framework in Embed Frameworks */,
				A73EB2DE281683ED0031FCEC /* PopAlertView.framework in Embed Frameworks */,
				A73EB29028163B5A0031FCEC /* InputField.framework in Embed Frameworks */,
			);
			name = "Embed Frameworks";
			runOnlyForDeploymentPostprocessing = 0;
		};
/* End PBXCopyFilesBuildPhase section */

/* Begin PBXFileReference section */
		A73EB28D28163B500031FCEC /* InputField.framework */ = {isa = PBXFileReference; lastKnownFileType = wrapper.framework; path = InputField.framework; sourceTree = "<group>"; };
		A73EB29228163BB80031FCEC /* RoundedButton.framework */ = {isa = PBXFileReference; lastKnownFileType = wrapper.framework; path = RoundedButton.framework; sourceTree = "<group>"; };
		A73EB29428163BF50031FCEC /* ValidatorFramework.framework */ = {isa = PBXFileReference; lastKnownFileType = wrapper.framework; path = ValidatorFramework.framework; sourceTree = "<group>"; };
		A73EB29628163C3B0031FCEC /* GradientColor.framework */ = {isa = PBXFileReference; lastKnownFileType = wrapper.framework; path = GradientColor.framework; sourceTree = "<group>"; };
		A73EB2B8281675140031FCEC /* RegisterViewController.swift */ = {isa = PBXFileReference; lastKnownFileType = sourcecode.swift; path = RegisterViewController.swift; sourceTree = "<group>"; };
		A73EB2D028167BDD0031FCEC /* UnderLinedButton.framework */ = {isa = PBXFileReference; lastKnownFileType = wrapper.framework; path = UnderLinedButton.framework; sourceTree = "<group>"; };
		A73EB2D9281682350031FCEC /* StringConstants.swift */ = {isa = PBXFileReference; lastKnownFileType = sourcecode.swift; path = StringConstants.swift; sourceTree = "<group>"; };
		A73EB2DB281683E50031FCEC /* PopAlertView.framework */ = {isa = PBXFileReference; lastKnownFileType = wrapper.framework; path = PopAlertView.framework; sourceTree = "<group>"; };
		A7748BC9280E53CC0069ED73 /* CustomUI.app */ = {isa = PBXFileReference; explicitFileType = wrapper.application; includeInIndex = 0; path = CustomUI.app; sourceTree = BUILT_PRODUCTS_DIR; };
		A7748BCC280E53CC0069ED73 /* AppDelegate.swift */ = {isa = PBXFileReference; lastKnownFileType = sourcecode.swift; path = AppDelegate.swift; sourceTree = "<group>"; };
		A7748BCE280E53CC0069ED73 /* SceneDelegate.swift */ = {isa = PBXFileReference; lastKnownFileType = sourcecode.swift; path = SceneDelegate.swift; sourceTree = "<group>"; };
		A7748BD0280E53CC0069ED73 /* ViewController.swift */ = {isa = PBXFileReference; lastKnownFileType = sourcecode.swift; path = ViewController.swift; sourceTree = "<group>"; };
		A7748BD3280E53CC0069ED73 /* Base */ = {isa = PBXFileReference; lastKnownFileType = file.storyboard; name = Base; path = Base.lproj/Main.storyboard; sourceTree = "<group>"; };
		A7748BD5280E53CD0069ED73 /* Assets.xcassets */ = {isa = PBXFileReference; lastKnownFileType = folder.assetcatalog; path = Assets.xcassets; sourceTree = "<group>"; };
		A7748BD8280E53CD0069ED73 /* Base */ = {isa = PBXFileReference; lastKnownFileType = file.storyboard; name = Base; path = Base.lproj/LaunchScreen.storyboard; sourceTree = "<group>"; };
		A7748BDA280E53CD0069ED73 /* Info.plist */ = {isa = PBXFileReference; lastKnownFileType = text.plist.xml; path = Info.plist; sourceTree = "<group>"; };
		A7748C3C280EAB290069ED73 /* TwoLinedButton.swift */ = {isa = PBXFileReference; lastKnownFileType = sourcecode.swift; path = TwoLinedButton.swift; sourceTree = "<group>"; };
		A7748C3E280EAB400069ED73 /* TwoLinedButtonViewModel.swift */ = {isa = PBXFileReference; lastKnownFileType = sourcecode.swift; path = TwoLinedButtonViewModel.swift; sourceTree = "<group>"; };
/* End PBXFileReference section */

/* Begin PBXFrameworksBuildPhase section */
		A7748BC6280E53CC0069ED73 /* Frameworks */ = {
			isa = PBXFrameworksBuildPhase;
			buildActionMask = 2147483647;
			files = (
				A73EB29C28163C580031FCEC /* ValidatorFramework.framework in Frameworks */,
				A73EB2D228167BE60031FCEC /* UnderLinedButton.framework in Frameworks */,
				A73EB29A28163C560031FCEC /* RoundedButton.framework in Frameworks */,
				A73EB29828163C540031FCEC /* GradientColor.framework in Frameworks */,
				A73EB2DD281683ED0031FCEC /* PopAlertView.framework in Frameworks */,
				A73EB28F28163B5A0031FCEC /* InputField.framework in Frameworks */,
			);
			runOnlyForDeploymentPostprocessing = 0;
		};
/* End PBXFrameworksBuildPhase section */

/* Begin PBXGroup section */
		A73EB2D82816821B0031FCEC /* Contants */ = {
			isa = PBXGroup;
			children = (
				A73EB2D9281682350031FCEC /* StringConstants.swift */,
			);
			path = Contants;
			sourceTree = "<group>";
		};
		A7748BC0280E53CC0069ED73 = {
			isa = PBXGroup;
			children = (
				A7748BCB280E53CC0069ED73 /* CustomUI */,
				A7748BCA280E53CC0069ED73 /* Products */,
			);
			sourceTree = "<group>";
		};
		A7748BCA280E53CC0069ED73 /* Products */ = {
			isa = PBXGroup;
			children = (
				A7748BC9280E53CC0069ED73 /* CustomUI.app */,
			);
			name = Products;
			sourceTree = "<group>";
		};
		A7748BCB280E53CC0069ED73 /* CustomUI */ = {
			isa = PBXGroup;
			children = (
				A7748BCC280E53CC0069ED73 /* AppDelegate.swift */,
				A7748BCE280E53CC0069ED73 /* SceneDelegate.swift */,
				A73EB2D82816821B0031FCEC /* Contants */,
				A7748BE6280E8A0D0069ED73 /* Model */,
				A7748BE8280E8A3F0069ED73 /* View */,
				A7748C40280EAB4A0069ED73 /* ViewModel */,
				A7748BD5280E53CD0069ED73 /* Assets.xcassets */,
				A7748BD7280E53CD0069ED73 /* LaunchScreen.storyboard */,
				A7748BDA280E53CD0069ED73 /* Info.plist */,
				A73EB28D28163B500031FCEC /* InputField.framework */,
				A73EB29228163BB80031FCEC /* RoundedButton.framework */,
				A73EB29428163BF50031FCEC /* ValidatorFramework.framework */,
				A73EB29628163C3B0031FCEC /* GradientColor.framework */,
				A73EB2D028167BDD0031FCEC /* UnderLinedButton.framework */,
				A73EB2DB281683E50031FCEC /* PopAlertView.framework */,
			);
			path = CustomUI;
			sourceTree = "<group>";
		};
		A7748BE6280E8A0D0069ED73 /* Model */ = {
			isa = PBXGroup;
			children = (
				A7748C3C280EAB290069ED73 /* TwoLinedButton.swift */,
			);
			path = Model;
			sourceTree = "<group>";
		};
		A7748BE8280E8A3F0069ED73 /* View */ = {
			isa = PBXGroup;
			children = (
				A7748BD2280E53CC0069ED73 /* Main.storyboard */,
				A7748BD0280E53CC0069ED73 /* ViewController.swift */,
				A73EB2B8281675140031FCEC /* RegisterViewController.swift */,
			);
			path = View;
			sourceTree = "<group>";
		};
		A7748C40280EAB4A0069ED73 /* ViewModel */ = {
			isa = PBXGroup;
			children = (
				A7748C3E280EAB400069ED73 /* TwoLinedButtonViewModel.swift */,
			);
			path = ViewModel;
			sourceTree = "<group>";
		};
/* End PBXGroup section */

/* Begin PBXNativeTarget section */
		A7748BC8280E53CC0069ED73 /* CustomUI */ = {
			isa = PBXNativeTarget;
			buildConfigurationList = A7748BDD280E53CD0069ED73 /* Build configuration list for PBXNativeTarget "CustomUI" */;
			buildPhases = (
				A7748BC5280E53CC0069ED73 /* Sources */,
				A7748BC6280E53CC0069ED73 /* Frameworks */,
				A7748BC7280E53CC0069ED73 /* Resources */,
				A73EB29128163B5A0031FCEC /* Embed Frameworks */,
			);
			buildRules = (
			);
			dependencies = (
			);
			name = CustomUI;
			productName = CustomUI;
			productReference = A7748BC9280E53CC0069ED73 /* CustomUI.app */;
			productType = "com.apple.product-type.application";
		};
/* End PBXNativeTarget section */

/* Begin PBXProject section */
		A7748BC1280E53CC0069ED73 /* Project object */ = {
			isa = PBXProject;
			attributes = {
				BuildIndependentTargetsInParallel = 1;
				LastSwiftUpdateCheck = 1310;
				LastUpgradeCheck = 1310;
				TargetAttributes = {
					A7748BC8280E53CC0069ED73 = {
						CreatedOnToolsVersion = 13.1;
					};
				};
			};
			buildConfigurationList = A7748BC4280E53CC0069ED73 /* Build configuration list for PBXProject "CustomUI" */;
			compatibilityVersion = "Xcode 13.0";
			developmentRegion = en;
			hasScannedForEncodings = 0;
			knownRegions = (
				en,
				Base,
			);
			mainGroup = A7748BC0280E53CC0069ED73;
			productRefGroup = A7748BCA280E53CC0069ED73 /* Products */;
			projectDirPath = "";
			projectRoot = "";
			targets = (
				A7748BC8280E53CC0069ED73 /* CustomUI */,
			);
		};
/* End PBXProject section */

/* Begin PBXResourcesBuildPhase section */
		A7748BC7280E53CC0069ED73 /* Resources */ = {
			isa = PBXResourcesBuildPhase;
			buildActionMask = 2147483647;
			files = (
				A7748BD9280E53CD0069ED73 /* LaunchScreen.storyboard in Resources */,
				A7748BD6280E53CD0069ED73 /* Assets.xcassets in Resources */,
				A7748BD4280E53CC0069ED73 /* Main.storyboard in Resources */,
			);
			runOnlyForDeploymentPostprocessing = 0;
		};
/* End PBXResourcesBuildPhase section */

/* Begin PBXSourcesBuildPhase section */
		A7748BC5280E53CC0069ED73 /* Sources */ = {
			isa = PBXSourcesBuildPhase;
			buildActionMask = 2147483647;
			files = (
				A7748C3D280EAB290069ED73 /* TwoLinedButton.swift in Sources */,
				A7748C3F280EAB400069ED73 /* TwoLinedButtonViewModel.swift in Sources */,
				A73EB2B9281675140031FCEC /* RegisterViewController.swift in Sources */,
				A7748BD1280E53CC0069ED73 /* ViewController.swift in Sources */,
				A7748BCD280E53CC0069ED73 /* AppDelegate.swift in Sources */,
				A7748BCF280E53CC0069ED73 /* SceneDelegate.swift in Sources */,
				A73EB2DA281682350031FCEC /* StringConstants.swift in Sources */,
			);
			runOnlyForDeploymentPostprocessing = 0;
		};
/* End PBXSourcesBuildPhase section */

/* Begin PBXVariantGroup section */
		A7748BD2280E53CC0069ED73 /* Main.storyboard */ = {
			isa = PBXVariantGroup;
			children = (
				A7748BD3280E53CC0069ED73 /* Base */,
			);
			name = Main.storyboard;
			sourceTree = "<group>";
		};
		A7748BD7280E53CD0069ED73 /* LaunchScreen.storyboard */ = {
			isa = PBXVariantGroup;
			children = (
				A7748BD8280E53CD0069ED73 /* Base */,
			);
			name = LaunchScreen.storyboard;
			sourceTree = "<group>";
		};
/* End PBXVariantGroup section */

/* Begin XCBuildConfiguration section */
		A7748BDB280E53CD0069ED73 /* Debug */ = {
			isa = XCBuildConfiguration;
			buildSettings = {
				ALWAYS_SEARCH_USER_PATHS = NO;
				CLANG_ANALYZER_NONNULL = YES;
				CLANG_ANALYZER_NUMBER_OBJECT_CONVERSION = YES_AGGRESSIVE;
				CLANG_CXX_LANGUAGE_STANDARD = "gnu++17";
				CLANG_CXX_LIBRARY = "libc++";
				CLANG_ENABLE_MODULES = YES;
				CLANG_ENABLE_OBJC_ARC = YES;
				CLANG_ENABLE_OBJC_WEAK = YES;
				CLANG_WARN_BLOCK_CAPTURE_AUTORELEASING = YES;
				CLANG_WARN_BOOL_CONVERSION = YES;
				CLANG_WARN_COMMA = YES;
				CLANG_WARN_CONSTANT_CONVERSION = YES;
				CLANG_WARN_DEPRECATED_OBJC_IMPLEMENTATIONS = YES;
				CLANG_WARN_DIRECT_OBJC_ISA_USAGE = YES_ERROR;
				CLANG_WARN_DOCUMENTATION_COMMENTS = YES;
				CLANG_WARN_EMPTY_BODY = YES;
				CLANG_WARN_ENUM_CONVERSION = YES;
				CLANG_WARN_INFINITE_RECURSION = YES;
				CLANG_WARN_INT_CONVERSION = YES;
				CLANG_WARN_NON_LITERAL_NULL_CONVERSION = YES;
				CLANG_WARN_OBJC_IMPLICIT_RETAIN_SELF = YES;
				CLANG_WARN_OBJC_LITERAL_CONVERSION = YES;
				CLANG_WARN_OBJC_ROOT_CLASS = YES_ERROR;
				CLANG_WARN_QUOTED_INCLUDE_IN_FRAMEWORK_HEADER = YES;
				CLANG_WARN_RANGE_LOOP_ANALYSIS = YES;
				CLANG_WARN_STRICT_PROTOTYPES = YES;
				CLANG_WARN_SUSPICIOUS_MOVE = YES;
				CLANG_WARN_UNGUARDED_AVAILABILITY = YES_AGGRESSIVE;
				CLANG_WARN_UNREACHABLE_CODE = YES;
				CLANG_WARN__DUPLICATE_METHOD_MATCH = YES;
				COPY_PHASE_STRIP = NO;
				DEBUG_INFORMATION_FORMAT = dwarf;
				ENABLE_STRICT_OBJC_MSGSEND = YES;
				ENABLE_TESTABILITY = YES;
				GCC_C_LANGUAGE_STANDARD = gnu11;
				GCC_DYNAMIC_NO_PIC = NO;
				GCC_NO_COMMON_BLOCKS = YES;
				GCC_OPTIMIZATION_LEVEL = 0;
				GCC_PREPROCESSOR_DEFINITIONS = (
					"DEBUG=1",
					"$(inherited)",
				);
				GCC_WARN_64_TO_32_BIT_CONVERSION = YES;
				GCC_WARN_ABOUT_RETURN_TYPE = YES_ERROR;
				GCC_WARN_UNDECLARED_SELECTOR = YES;
				GCC_WARN_UNINITIALIZED_AUTOS = YES_AGGRESSIVE;
				GCC_WARN_UNUSED_FUNCTION = YES;
				GCC_WARN_UNUSED_VARIABLE = YES;
				IPHONEOS_DEPLOYMENT_TARGET = 15.0;
				MTL_ENABLE_DEBUG_INFO = INCLUDE_SOURCE;
				MTL_FAST_MATH = YES;
				ONLY_ACTIVE_ARCH = YES;
				SDKROOT = iphoneos;
				SWIFT_ACTIVE_COMPILATION_CONDITIONS = DEBUG;
				SWIFT_OPTIMIZATION_LEVEL = "-Onone";
			};
			name = Debug;
		};
		A7748BDC280E53CD0069ED73 /* Release */ = {
			isa = XCBuildConfiguration;
			buildSettings = {
				ALWAYS_SEARCH_USER_PATHS = NO;
				CLANG_ANALYZER_NONNULL = YES;
				CLANG_ANALYZER_NUMBER_OBJECT_CONVERSION = YES_AGGRESSIVE;
				CLANG_CXX_LANGUAGE_STANDARD = "gnu++17";
				CLANG_CXX_LIBRARY = "libc++";
				CLANG_ENABLE_MODULES = YES;
				CLANG_ENABLE_OBJC_ARC = YES;
				CLANG_ENABLE_OBJC_WEAK = YES;
				CLANG_WARN_BLOCK_CAPTURE_AUTORELEASING = YES;
				CLANG_WARN_BOOL_CONVERSION = YES;
				CLANG_WARN_COMMA = YES;
				CLANG_WARN_CONSTANT_CONVERSION = YES;
				CLANG_WARN_DEPRECATED_OBJC_IMPLEMENTATIONS = YES;
				CLANG_WARN_DIRECT_OBJC_ISA_USAGE = YES_ERROR;
				CLANG_WARN_DOCUMENTATION_COMMENTS = YES;
				CLANG_WARN_EMPTY_BODY = YES;
				CLANG_WARN_ENUM_CONVERSION = YES;
				CLANG_WARN_INFINITE_RECURSION = YES;
				CLANG_WARN_INT_CONVERSION = YES;
				CLANG_WARN_NON_LITERAL_NULL_CONVERSION = YES;
				CLANG_WARN_OBJC_IMPLICIT_RETAIN_SELF = YES;
				CLANG_WARN_OBJC_LITERAL_CONVERSION = YES;
				CLANG_WARN_OBJC_ROOT_CLASS = YES_ERROR;
				CLANG_WARN_QUOTED_INCLUDE_IN_FRAMEWORK_HEADER = YES;
				CLANG_WARN_RANGE_LOOP_ANALYSIS = YES;
				CLANG_WARN_STRICT_PROTOTYPES = YES;
				CLANG_WARN_SUSPICIOUS_MOVE = YES;
				CLANG_WARN_UNGUARDED_AVAILABILITY = YES_AGGRESSIVE;
				CLANG_WARN_UNREACHABLE_CODE = YES;
				CLANG_WARN__DUPLICATE_METHOD_MATCH = YES;
				COPY_PHASE_STRIP = NO;
				DEBUG_INFORMATION_FORMAT = "dwarf-with-dsym";
				ENABLE_NS_ASSERTIONS = NO;
				ENABLE_STRICT_OBJC_MSGSEND = YES;
				GCC_C_LANGUAGE_STANDARD = gnu11;
				GCC_NO_COMMON_BLOCKS = YES;
				GCC_WARN_64_TO_32_BIT_CONVERSION = YES;
				GCC_WARN_ABOUT_RETURN_TYPE = YES_ERROR;
				GCC_WARN_UNDECLARED_SELECTOR = YES;
				GCC_WARN_UNINITIALIZED_AUTOS = YES_AGGRESSIVE;
				GCC_WARN_UNUSED_FUNCTION = YES;
				GCC_WARN_UNUSED_VARIABLE = YES;
				IPHONEOS_DEPLOYMENT_TARGET = 15.0;
				MTL_ENABLE_DEBUG_INFO = NO;
				MTL_FAST_MATH = YES;
				SDKROOT = iphoneos;
				SWIFT_COMPILATION_MODE = wholemodule;
				SWIFT_OPTIMIZATION_LEVEL = "-O";
				VALIDATE_PRODUCT = YES;
			};
			name = Release;
		};
		A7748BDE280E53CD0069ED73 /* Debug */ = {
			isa = XCBuildConfiguration;
			buildSettings = {
				ASSETCATALOG_COMPILER_APPICON_NAME = AppIcon;
				ASSETCATALOG_COMPILER_GLOBAL_ACCENT_COLOR_NAME = AccentColor;
				CODE_SIGN_STYLE = Automatic;
				CURRENT_PROJECT_VERSION = 1;
				DEVELOPMENT_TEAM = RYLP63S2K7;
				EXCLUDED_ARCHS = x86_64;
				FRAMEWORK_SEARCH_PATHS = (
					"$(inherited)",
					"$(PROJECT_DIR)/CustomUI",
				);
				GENERATE_INFOPLIST_FILE = YES;
				INFOPLIST_FILE = CustomUI/Info.plist;
				INFOPLIST_KEY_UIApplicationSupportsIndirectInputEvents = YES;
				INFOPLIST_KEY_UILaunchStoryboardName = LaunchScreen;
				INFOPLIST_KEY_UIMainStoryboardFile = Main;
				INFOPLIST_KEY_UISupportedInterfaceOrientations_iPad = "UIInterfaceOrientationPortrait UIInterfaceOrientationPortraitUpsideDown UIInterfaceOrientationLandscapeLeft UIInterfaceOrientationLandscapeRight";
				INFOPLIST_KEY_UISupportedInterfaceOrientations_iPhone = "UIInterfaceOrientationPortrait UIInterfaceOrientationLandscapeLeft UIInterfaceOrientationLandscapeRight";
				IPHONEOS_DEPLOYMENT_TARGET = 14.0;
				LD_RUNPATH_SEARCH_PATHS = (
					"$(inherited)",
					"@executable_path/Frameworks",
				);
				MARKETING_VERSION = 1.0;
				PRODUCT_BUNDLE_IDENTIFIER = com.mariam.CustomUI;
				PRODUCT_NAME = "$(TARGET_NAME)";
				SWIFT_EMIT_LOC_STRINGS = YES;
				SWIFT_VERSION = 5.0;
				TARGETED_DEVICE_FAMILY = "1,2";
			};
			name = Debug;
		};
		A7748BDF280E53CD0069ED73 /* Release */ = {
			isa = XCBuildConfiguration;
			buildSettings = {
				ASSETCATALOG_COMPILER_APPICON_NAME = AppIcon;
				ASSETCATALOG_COMPILER_GLOBAL_ACCENT_COLOR_NAME = AccentColor;
				CODE_SIGN_STYLE = Automatic;
				CURRENT_PROJECT_VERSION = 1;
				DEVELOPMENT_TEAM = RYLP63S2K7;
				EXCLUDED_ARCHS = x86_64;
				FRAMEWORK_SEARCH_PATHS = (
					"$(inherited)",
					"$(PROJECT_DIR)/CustomUI",
				);
				GENERATE_INFOPLIST_FILE = YES;
				INFOPLIST_FILE = CustomUI/Info.plist;
				INFOPLIST_KEY_UIApplicationSupportsIndirectInputEvents = YES;
				INFOPLIST_KEY_UILaunchStoryboardName = LaunchScreen;
				INFOPLIST_KEY_UIMainStoryboardFile = Main;
				INFOPLIST_KEY_UISupportedInterfaceOrientations_iPad = "UIInterfaceOrientationPortrait UIInterfaceOrientationPortraitUpsideDown UIInterfaceOrientationLandscapeLeft UIInterfaceOrientationLandscapeRight";
				INFOPLIST_KEY_UISupportedInterfaceOrientations_iPhone = "UIInterfaceOrientationPortrait UIInterfaceOrientationLandscapeLeft UIInterfaceOrientationLandscapeRight";
				IPHONEOS_DEPLOYMENT_TARGET = 14.0;
				LD_RUNPATH_SEARCH_PATHS = (
					"$(inherited)",
					"@executable_path/Frameworks",
				);
				MARKETING_VERSION = 1.0;
				PRODUCT_BUNDLE_IDENTIFIER = com.mariam.CustomUI;
				PRODUCT_NAME = "$(TARGET_NAME)";
				SWIFT_EMIT_LOC_STRINGS = YES;
				SWIFT_VERSION = 5.0;
				TARGETED_DEVICE_FAMILY = "1,2";
			};
			name = Release;
		};
/* End XCBuildConfiguration section */

/* Begin XCConfigurationList section */
		A7748BC4280E53CC0069ED73 /* Build configuration list for PBXProject "CustomUI" */ = {
			isa = XCConfigurationList;
			buildConfigurations = (
				A7748BDB280E53CD0069ED73 /* Debug */,
				A7748BDC280E53CD0069ED73 /* Release */,
			);
			defaultConfigurationIsVisible = 0;
			defaultConfigurationName = Release;
		};
		A7748BDD280E53CD0069ED73 /* Build configuration list for PBXNativeTarget "CustomUI" */ = {
			isa = XCConfigurationList;
			buildConfigurations = (
				A7748BDE280E53CD0069ED73 /* Debug */,
				A7748BDF280E53CD0069ED73 /* Release */,
			);
			defaultConfigurationIsVisible = 0;
			defaultConfigurationName = Release;
		};
/* End XCConfigurationList section */
	};
	rootObject = A7748BC1280E53CC0069ED73 /* Project object */;
}
